
Microsoft Visual Studio Solution File, Format Version 12.00
# Visual Studio Version 16
VisualStudioVersion = 16.0.30413.136
MinimumVisualStudioVersion = 10.0.40219.1
Project("{FAE04EC0-301F-11D3-BF4B-00C04F79EFBC}") = "NestSeeker.Data", "NestSeeker.Data\NestSeeker.Data.csproj", "{E749D877-3983-45CA-A5B3-AC90A8ECCD75}"
EndProject
Project("{2150E333-8FDC-42A3-9474-1A3956D46DE8}") = "SolutionItems", "SolutionItems", "{2CBEF612-EE65-45B6-AC29-5636033455E7}"
	ProjectSection(SolutionItems) = preProject
		.gitattributes = .gitattributes
		.gitignore = .gitignore
	EndProjectSection
EndProject
Project("{FAE04EC0-301F-11D3-BF4B-00C04F79EFBC}") = "NestSeekers.Persistence", "NestSeekers.Persistence\NestSeekers.Persistence.csproj", "{2BDDE7BB-699B-4698-8065-C0E070EE4575}"
EndProject
Project("{FAE04EC0-301F-11D3-BF4B-00C04F79EFBC}") = "NestSeekers.Web", "NestSeekers.Web\NestSeekers.Web.csproj", "{7D2D3FBC-2EED-4706-A16B-90F88CC9E2D0}"
EndProject
Project("{FAE04EC0-301F-11D3-BF4B-00C04F79EFBC}") = "NestSeekers.Service", "NestSeekers.Service\NestSeekers.Service.csproj", "{B343AE58-CCA2-4EBB-86BE-955915D28F0F}"
EndProject
Global
	GlobalSection(SolutionConfigurationPlatforms) = preSolution
		Debug|Any CPU = Debug|Any CPU
		Release|Any CPU = Release|Any CPU
	EndGlobalSection
	GlobalSection(ProjectConfigurationPlatforms) = postSolution
		{E749D877-3983-45CA-A5B3-AC90A8ECCD75}.Debug|Any CPU.ActiveCfg = Debug|Any CPU
		{E749D877-3983-45CA-A5B3-AC90A8ECCD75}.Debug|Any CPU.Build.0 = Debug|Any CPU
		{E749D877-3983-45CA-A5B3-AC90A8ECCD75}.Release|Any CPU.ActiveCfg = Release|Any CPU
		{E749D877-3983-45CA-A5B3-AC90A8ECCD75}.Release|Any CPU.Build.0 = Release|Any CPU
		{2BDDE7BB-699B-4698-8065-C0E070EE4575}.Debug|Any CPU.ActiveCfg = Debug|Any CPU
		{2BDDE7BB-699B-4698-8065-C0E070EE4575}.Debug|Any CPU.Build.0 = Debug|Any CPU
		{2BDDE7BB-699B-4698-8065-C0E070EE4575}.Release|Any CPU.ActiveCfg = Release|Any CPU
		{2BDDE7BB-699B-4698-8065-C0E070EE4575}.Release|Any CPU.Build.0 = Release|Any CPU
		{7D2D3FBC-2EED-4706-A16B-90F88CC9E2D0}.Debug|Any CPU.ActiveCfg = Debug|Any CPU
		{7D2D3FBC-2EED-4706-A16B-90F88CC9E2D0}.Debug|Any CPU.Build.0 = Debug|Any CPU
		{7D2D3FBC-2EED-4706-A16B-90F88CC9E2D0}.Release|Any CPU.ActiveCfg = Release|Any CPU
		{7D2D3FBC-2EED-4706-A16B-90F88CC9E2D0}.Release|Any CPU.Build.0 = Release|Any CPU
		{B343AE58-CCA2-4EBB-86BE-955915D28F0F}.Debug|Any CPU.ActiveCfg = Debug|Any CPU
		{B343AE58-CCA2-4EBB-86BE-955915D28F0F}.Debug|Any CPU.Build.0 = Debug|Any CPU
		{B343AE58-CCA2-4EBB-86BE-955915D28F0F}.Release|Any CPU.ActiveCfg = Release|Any CPU
		{B343AE58-CCA2-4EBB-86BE-955915D28F0F}.Release|Any CPU.Build.0 = Release|Any CPU
	EndGlobalSection
	GlobalSection(SolutionProperties) = preSolution
		HideSolutionNode = FALSE
	EndGlobalSection
	GlobalSection(ExtensibilityGlobals) = postSolution
		SolutionGuid = {1F5901D3-A69C-4820-9E49-8D987F4FD634}
	EndGlobalSection
EndGlobal
